// !$*UTF8*$!
{
	archiveVersion = 1;
	classes = {
	};
	objectVersion = 52;
	objects = {

/* Begin PBXBuildFile section */
		935EBC6026BD4BC30006A7CA /* DomainError.swift in Sources */ = {isa = PBXBuildFile; fileRef = 935EBC5F26BD4BC30006A7CA /* DomainError.swift */; };
		935EBC6326BD4BF90006A7CA /* AccountModel.swift in Sources */ = {isa = PBXBuildFile; fileRef = 935EBC6226BD4BF90006A7CA /* AccountModel.swift */; };
		935EBC6526BD4C010006A7CA /* Model.swift in Sources */ = {isa = PBXBuildFile; fileRef = 935EBC6426BD4C010006A7CA /* Model.swift */; };
		935EBC6726BD4C140006A7CA /* Authentication.swift in Sources */ = {isa = PBXBuildFile; fileRef = 935EBC6626BD4C140006A7CA /* Authentication.swift */; };
		935EBC7626BD4CE30006A7CA /* Data.framework in Frameworks */ = {isa = PBXBuildFile; fileRef = 935EBC6D26BD4CE20006A7CA /* Data.framework */; };
		935EBC8A26BD4D6D0006A7CA /* HttpErrors.swift in Sources */ = {isa = PBXBuildFile; fileRef = 935EBC8926BD4D6D0006A7CA /* HttpErrors.swift */; };
		935EBC8C26BD4D770006A7CA /* ExtensionHelpers.swift in Sources */ = {isa = PBXBuildFile; fileRef = 935EBC8B26BD4D770006A7CA /* ExtensionHelpers.swift */; };
		935EBC8E26BD4D800006A7CA /* HttpPostClient.swift in Sources */ = {isa = PBXBuildFile; fileRef = 935EBC8D26BD4D800006A7CA /* HttpPostClient.swift */; };
		935EBC9126BD4D960006A7CA /* SocialAuthentication.swift in Sources */ = {isa = PBXBuildFile; fileRef = 935EBC9026BD4D960006A7CA /* SocialAuthentication.swift */; };
		935EBC9326BD4DA10006A7CA /* SocialSignIn.swift in Sources */ = {isa = PBXBuildFile; fileRef = 935EBC9226BD4DA10006A7CA /* SocialSignIn.swift */; };
		935EBCA226BD4ED80006A7CA /* Infra.framework in Frameworks */ = {isa = PBXBuildFile; fileRef = 935EBC9926BD4ED80006A7CA /* Infra.framework */; };
		935EBCC126BD4F240006A7CA /* Validation.framework in Frameworks */ = {isa = PBXBuildFile; fileRef = 935EBCB826BD4F230006A7CA /* Validation.framework */; };
		935EBCD526BD4F650006A7CA /* CompareFieldsValidation.swift in Sources */ = {isa = PBXBuildFile; fileRef = 935EBCD126BD4F650006A7CA /* CompareFieldsValidation.swift */; };
		935EBCD626BD4F650006A7CA /* RequiredFieldValidation.swift in Sources */ = {isa = PBXBuildFile; fileRef = 935EBCD226BD4F650006A7CA /* RequiredFieldValidation.swift */; };
		935EBCD726BD4F650006A7CA /* ValidationComposite.swift in Sources */ = {isa = PBXBuildFile; fileRef = 935EBCD326BD4F650006A7CA /* ValidationComposite.swift */; };
		935EBCD826BD4F650006A7CA /* EmailValidation.swift in Sources */ = {isa = PBXBuildFile; fileRef = 935EBCD426BD4F650006A7CA /* EmailValidation.swift */; };
		935EBCDA26BD4F730006A7CA /* EmailValidator.swift in Sources */ = {isa = PBXBuildFile; fileRef = 935EBCD926BD4F730006A7CA /* EmailValidator.swift */; };
		935EBCDD26BD4FED0006A7CA /* Alamofire in Frameworks */ = {isa = PBXBuildFile; productRef = 935EBCDC26BD4FED0006A7CA /* Alamofire */; };
		935EBCDF26BD50070006A7CA /* AlamofireAdapter.swift in Sources */ = {isa = PBXBuildFile; fileRef = 935EBCDE26BD50070006A7CA /* AlamofireAdapter.swift */; };
		935EBCE126BD50130006A7CA /* EmailValidatorAdapter.swift in Sources */ = {isa = PBXBuildFile; fileRef = 935EBCE026BD50130006A7CA /* EmailValidatorAdapter.swift */; };
		935EBCE326BD50500006A7CA /* Domain.framework in Frameworks */ = {isa = PBXBuildFile; fileRef = 935EBC5326BD4B700006A7CA /* Domain.framework */; };
		935EBCE426BD50500006A7CA /* Domain.framework in Embed Frameworks */ = {isa = PBXBuildFile; fileRef = 935EBC5326BD4B700006A7CA /* Domain.framework */; settings = {ATTRIBUTES = (CodeSignOnCopy, RemoveHeadersOnCopy, ); }; };
		935EBCE826BD50710006A7CA /* Data.framework in Frameworks */ = {isa = PBXBuildFile; fileRef = 935EBC6D26BD4CE20006A7CA /* Data.framework */; };
		935EBCE926BD50710006A7CA /* Data.framework in Embed Frameworks */ = {isa = PBXBuildFile; fileRef = 935EBC6D26BD4CE20006A7CA /* Data.framework */; settings = {ATTRIBUTES = (CodeSignOnCopy, RemoveHeadersOnCopy, ); }; };
		935EBCED26BD51120006A7CA /* Validation.framework in Frameworks */ = {isa = PBXBuildFile; fileRef = 935EBCB826BD4F230006A7CA /* Validation.framework */; };
		935EBCEE26BD51120006A7CA /* Validation.framework in Embed Frameworks */ = {isa = PBXBuildFile; fileRef = 935EBCB826BD4F230006A7CA /* Validation.framework */; settings = {ATTRIBUTES = (CodeSignOnCopy, RemoveHeadersOnCopy, ); }; };
		935EBCFF26BD51390006A7CA /* Presentation.framework in Frameworks */ = {isa = PBXBuildFile; fileRef = 935EBCF626BD51380006A7CA /* Presentation.framework */; };
		935EBD0F26BD516B0006A7CA /* Validation.swift in Sources */ = {isa = PBXBuildFile; fileRef = 935EBD0E26BD516B0006A7CA /* Validation.swift */; };
		935EBD1026BD51830006A7CA /* Presentation.framework in Frameworks */ = {isa = PBXBuildFile; fileRef = 935EBCF626BD51380006A7CA /* Presentation.framework */; };
		935EBD1126BD51830006A7CA /* Presentation.framework in Embed Frameworks */ = {isa = PBXBuildFile; fileRef = 935EBCF626BD51380006A7CA /* Presentation.framework */; settings = {ATTRIBUTES = (CodeSignOnCopy, RemoveHeadersOnCopy, ); }; };
/* End PBXBuildFile section */

/* Begin PBXContainerItemProxy section */
		935EBC7726BD4CE30006A7CA /* PBXContainerItemProxy */ = {
			isa = PBXContainerItemProxy;
			containerPortal = 935EBC3A26BD4A850006A7CA /* Project object */;
			proxyType = 1;
			remoteGlobalIDString = 935EBC6C26BD4CE20006A7CA;
			remoteInfo = Data;
		};
		935EBCA326BD4ED80006A7CA /* PBXContainerItemProxy */ = {
			isa = PBXContainerItemProxy;
			containerPortal = 935EBC3A26BD4A850006A7CA /* Project object */;
			proxyType = 1;
			remoteGlobalIDString = 935EBC9826BD4ED80006A7CA;
			remoteInfo = Infra;
		};
		935EBCC226BD4F240006A7CA /* PBXContainerItemProxy */ = {
			isa = PBXContainerItemProxy;
			containerPortal = 935EBC3A26BD4A850006A7CA /* Project object */;
			proxyType = 1;
			remoteGlobalIDString = 935EBCB726BD4F230006A7CA;
			remoteInfo = Validation;
		};
		935EBCE526BD50500006A7CA /* PBXContainerItemProxy */ = {
			isa = PBXContainerItemProxy;
			containerPortal = 935EBC3A26BD4A850006A7CA /* Project object */;
			proxyType = 1;
			remoteGlobalIDString = 935EBC5226BD4B700006A7CA;
			remoteInfo = Domain;
		};
		935EBCEA26BD50710006A7CA /* PBXContainerItemProxy */ = {
			isa = PBXContainerItemProxy;
			containerPortal = 935EBC3A26BD4A850006A7CA /* Project object */;
			proxyType = 1;
			remoteGlobalIDString = 935EBC6C26BD4CE20006A7CA;
			remoteInfo = Data;
		};
		935EBCEF26BD51120006A7CA /* PBXContainerItemProxy */ = {
			isa = PBXContainerItemProxy;
			containerPortal = 935EBC3A26BD4A850006A7CA /* Project object */;
			proxyType = 1;
			remoteGlobalIDString = 935EBCB726BD4F230006A7CA;
			remoteInfo = Validation;
		};
		935EBD0026BD51390006A7CA /* PBXContainerItemProxy */ = {
			isa = PBXContainerItemProxy;
			containerPortal = 935EBC3A26BD4A850006A7CA /* Project object */;
			proxyType = 1;
			remoteGlobalIDString = 935EBCF526BD51380006A7CA;
			remoteInfo = Presentation;
		};
		935EBD1226BD51830006A7CA /* PBXContainerItemProxy */ = {
			isa = PBXContainerItemProxy;
			containerPortal = 935EBC3A26BD4A850006A7CA /* Project object */;
			proxyType = 1;
			remoteGlobalIDString = 935EBCF526BD51380006A7CA;
			remoteInfo = Presentation;
		};
/* End PBXContainerItemProxy section */

/* Begin PBXCopyFilesBuildPhase section */
		935EBCE726BD50500006A7CA /* Embed Frameworks */ = {
			isa = PBXCopyFilesBuildPhase;
			buildActionMask = 2147483647;
			dstPath = "";
			dstSubfolderSpec = 10;
			files = (
				935EBCE426BD50500006A7CA /* Domain.framework in Embed Frameworks */,
			);
			name = "Embed Frameworks";
			runOnlyForDeploymentPostprocessing = 0;
		};
		935EBCEC26BD50710006A7CA /* Embed Frameworks */ = {
			isa = PBXCopyFilesBuildPhase;
			buildActionMask = 2147483647;
			dstPath = "";
			dstSubfolderSpec = 10;
			files = (
				935EBCE926BD50710006A7CA /* Data.framework in Embed Frameworks */,
				935EBCEE26BD51120006A7CA /* Validation.framework in Embed Frameworks */,
			);
			name = "Embed Frameworks";
			runOnlyForDeploymentPostprocessing = 0;
		};
		935EBD1426BD51830006A7CA /* Embed Frameworks */ = {
			isa = PBXCopyFilesBuildPhase;
			buildActionMask = 2147483647;
			dstPath = "";
			dstSubfolderSpec = 10;
			files = (
				935EBD1126BD51830006A7CA /* Presentation.framework in Embed Frameworks */,
			);
			name = "Embed Frameworks";
			runOnlyForDeploymentPostprocessing = 0;
		};
/* End PBXCopyFilesBuildPhase section */

/* Begin PBXFileReference section */
		935EBC5326BD4B700006A7CA /* Domain.framework */ = {isa = PBXFileReference; explicitFileType = wrapper.framework; includeInIndex = 0; path = Domain.framework; sourceTree = BUILT_PRODUCTS_DIR; };
		935EBC5626BD4B700006A7CA /* Info.plist */ = {isa = PBXFileReference; lastKnownFileType = text.plist.xml; path = Info.plist; sourceTree = "<group>"; };
		935EBC5F26BD4BC30006A7CA /* DomainError.swift */ = {isa = PBXFileReference; fileEncoding = 4; lastKnownFileType = sourcecode.swift; path = DomainError.swift; sourceTree = "<group>"; };
		935EBC6226BD4BF90006A7CA /* AccountModel.swift */ = {isa = PBXFileReference; fileEncoding = 4; lastKnownFileType = sourcecode.swift; path = AccountModel.swift; sourceTree = "<group>"; };
		935EBC6426BD4C010006A7CA /* Model.swift */ = {isa = PBXFileReference; fileEncoding = 4; lastKnownFileType = sourcecode.swift; path = Model.swift; sourceTree = "<group>"; };
		935EBC6626BD4C140006A7CA /* Authentication.swift */ = {isa = PBXFileReference; fileEncoding = 4; lastKnownFileType = sourcecode.swift; path = Authentication.swift; sourceTree = "<group>"; };
		935EBC6D26BD4CE20006A7CA /* Data.framework */ = {isa = PBXFileReference; explicitFileType = wrapper.framework; includeInIndex = 0; path = Data.framework; sourceTree = BUILT_PRODUCTS_DIR; };
		935EBC7026BD4CE20006A7CA /* Info.plist */ = {isa = PBXFileReference; lastKnownFileType = text.plist.xml; path = Info.plist; sourceTree = "<group>"; };
		935EBC7526BD4CE30006A7CA /* DataTests.xctest */ = {isa = PBXFileReference; explicitFileType = wrapper.cfbundle; includeInIndex = 0; path = DataTests.xctest; sourceTree = BUILT_PRODUCTS_DIR; };
		935EBC7C26BD4CE30006A7CA /* Info.plist */ = {isa = PBXFileReference; lastKnownFileType = text.plist.xml; path = Info.plist; sourceTree = "<group>"; };
		935EBC8926BD4D6D0006A7CA /* HttpErrors.swift */ = {isa = PBXFileReference; fileEncoding = 4; lastKnownFileType = sourcecode.swift; path = HttpErrors.swift; sourceTree = "<group>"; };
		935EBC8B26BD4D770006A7CA /* ExtensionHelpers.swift */ = {isa = PBXFileReference; fileEncoding = 4; lastKnownFileType = sourcecode.swift; path = ExtensionHelpers.swift; sourceTree = "<group>"; };
		935EBC8D26BD4D800006A7CA /* HttpPostClient.swift */ = {isa = PBXFileReference; fileEncoding = 4; lastKnownFileType = sourcecode.swift; path = HttpPostClient.swift; sourceTree = "<group>"; };
		935EBC9026BD4D960006A7CA /* SocialAuthentication.swift */ = {isa = PBXFileReference; fileEncoding = 4; lastKnownFileType = sourcecode.swift; path = SocialAuthentication.swift; sourceTree = "<group>"; };
		935EBC9226BD4DA10006A7CA /* SocialSignIn.swift */ = {isa = PBXFileReference; fileEncoding = 4; lastKnownFileType = sourcecode.swift; path = SocialSignIn.swift; sourceTree = "<group>"; };
		935EBC9926BD4ED80006A7CA /* Infra.framework */ = {isa = PBXFileReference; explicitFileType = wrapper.framework; includeInIndex = 0; path = Infra.framework; sourceTree = BUILT_PRODUCTS_DIR; };
		935EBC9C26BD4ED80006A7CA /* Info.plist */ = {isa = PBXFileReference; lastKnownFileType = text.plist.xml; path = Info.plist; sourceTree = "<group>"; };
		935EBCA126BD4ED80006A7CA /* InfraTests.xctest */ = {isa = PBXFileReference; explicitFileType = wrapper.cfbundle; includeInIndex = 0; path = InfraTests.xctest; sourceTree = BUILT_PRODUCTS_DIR; };
		935EBCA826BD4ED80006A7CA /* Info.plist */ = {isa = PBXFileReference; lastKnownFileType = text.plist.xml; path = Info.plist; sourceTree = "<group>"; };
		935EBCB826BD4F230006A7CA /* Validation.framework */ = {isa = PBXFileReference; explicitFileType = wrapper.framework; includeInIndex = 0; path = Validation.framework; sourceTree = BUILT_PRODUCTS_DIR; };
		935EBCBB26BD4F230006A7CA /* Info.plist */ = {isa = PBXFileReference; lastKnownFileType = text.plist.xml; path = Info.plist; sourceTree = "<group>"; };
		935EBCC026BD4F240006A7CA /* ValidationTests.xctest */ = {isa = PBXFileReference; explicitFileType = wrapper.cfbundle; includeInIndex = 0; path = ValidationTests.xctest; sourceTree = BUILT_PRODUCTS_DIR; };
		935EBCC726BD4F240006A7CA /* Info.plist */ = {isa = PBXFileReference; lastKnownFileType = text.plist.xml; path = Info.plist; sourceTree = "<group>"; };
		935EBCD126BD4F650006A7CA /* CompareFieldsValidation.swift */ = {isa = PBXFileReference; fileEncoding = 4; lastKnownFileType = sourcecode.swift; path = CompareFieldsValidation.swift; sourceTree = "<group>"; };
		935EBCD226BD4F650006A7CA /* RequiredFieldValidation.swift */ = {isa = PBXFileReference; fileEncoding = 4; lastKnownFileType = sourcecode.swift; path = RequiredFieldValidation.swift; sourceTree = "<group>"; };
		935EBCD326BD4F650006A7CA /* ValidationComposite.swift */ = {isa = PBXFileReference; fileEncoding = 4; lastKnownFileType = sourcecode.swift; path = ValidationComposite.swift; sourceTree = "<group>"; };
		935EBCD426BD4F650006A7CA /* EmailValidation.swift */ = {isa = PBXFileReference; fileEncoding = 4; lastKnownFileType = sourcecode.swift; path = EmailValidation.swift; sourceTree = "<group>"; };
		935EBCD926BD4F730006A7CA /* EmailValidator.swift */ = {isa = PBXFileReference; fileEncoding = 4; lastKnownFileType = sourcecode.swift; path = EmailValidator.swift; sourceTree = "<group>"; };
		935EBCDE26BD50070006A7CA /* AlamofireAdapter.swift */ = {isa = PBXFileReference; fileEncoding = 4; lastKnownFileType = sourcecode.swift; path = AlamofireAdapter.swift; sourceTree = "<group>"; };
		935EBCE026BD50130006A7CA /* EmailValidatorAdapter.swift */ = {isa = PBXFileReference; fileEncoding = 4; lastKnownFileType = sourcecode.swift; path = EmailValidatorAdapter.swift; sourceTree = "<group>"; };
		935EBCF626BD51380006A7CA /* Presentation.framework */ = {isa = PBXFileReference; explicitFileType = wrapper.framework; includeInIndex = 0; path = Presentation.framework; sourceTree = BUILT_PRODUCTS_DIR; };
		935EBCF926BD51390006A7CA /* Info.plist */ = {isa = PBXFileReference; lastKnownFileType = text.plist.xml; path = Info.plist; sourceTree = "<group>"; };
		935EBCFE26BD51390006A7CA /* PresentationTests.xctest */ = {isa = PBXFileReference; explicitFileType = wrapper.cfbundle; includeInIndex = 0; path = PresentationTests.xctest; sourceTree = BUILT_PRODUCTS_DIR; };
		935EBD0526BD51390006A7CA /* Info.plist */ = {isa = PBXFileReference; lastKnownFileType = text.plist.xml; path = Info.plist; sourceTree = "<group>"; };
		935EBD0E26BD516B0006A7CA /* Validation.swift */ = {isa = PBXFileReference; fileEncoding = 4; lastKnownFileType = sourcecode.swift; path = Validation.swift; sourceTree = "<group>"; };
/* End PBXFileReference section */

/* Begin PBXFrameworksBuildPhase section */
		935EBC5026BD4B700006A7CA /* Frameworks */ = {
			isa = PBXFrameworksBuildPhase;
			buildActionMask = 2147483647;
			files = (
			);
			runOnlyForDeploymentPostprocessing = 0;
		};
		935EBC6A26BD4CE20006A7CA /* Frameworks */ = {
			isa = PBXFrameworksBuildPhase;
			buildActionMask = 2147483647;
			files = (
				935EBCE326BD50500006A7CA /* Domain.framework in Frameworks */,
			);
			runOnlyForDeploymentPostprocessing = 0;
		};
		935EBC7226BD4CE30006A7CA /* Frameworks */ = {
			isa = PBXFrameworksBuildPhase;
			buildActionMask = 2147483647;
			files = (
				935EBC7626BD4CE30006A7CA /* Data.framework in Frameworks */,
			);
			runOnlyForDeploymentPostprocessing = 0;
		};
		935EBC9626BD4ED80006A7CA /* Frameworks */ = {
			isa = PBXFrameworksBuildPhase;
			buildActionMask = 2147483647;
			files = (
				935EBCED26BD51120006A7CA /* Validation.framework in Frameworks */,
				935EBCE826BD50710006A7CA /* Data.framework in Frameworks */,
				935EBCDD26BD4FED0006A7CA /* Alamofire in Frameworks */,
			);
			runOnlyForDeploymentPostprocessing = 0;
		};
		935EBC9E26BD4ED80006A7CA /* Frameworks */ = {
			isa = PBXFrameworksBuildPhase;
			buildActionMask = 2147483647;
			files = (
				935EBCA226BD4ED80006A7CA /* Infra.framework in Frameworks */,
			);
			runOnlyForDeploymentPostprocessing = 0;
		};
		935EBCB526BD4F230006A7CA /* Frameworks */ = {
			isa = PBXFrameworksBuildPhase;
			buildActionMask = 2147483647;
			files = (
				935EBD1026BD51830006A7CA /* Presentation.framework in Frameworks */,
			);
			runOnlyForDeploymentPostprocessing = 0;
		};
		935EBCBD26BD4F240006A7CA /* Frameworks */ = {
			isa = PBXFrameworksBuildPhase;
			buildActionMask = 2147483647;
			files = (
				935EBCC126BD4F240006A7CA /* Validation.framework in Frameworks */,
			);
			runOnlyForDeploymentPostprocessing = 0;
		};
		935EBCF326BD51380006A7CA /* Frameworks */ = {
			isa = PBXFrameworksBuildPhase;
			buildActionMask = 2147483647;
			files = (
			);
			runOnlyForDeploymentPostprocessing = 0;
		};
		935EBCFB26BD51390006A7CA /* Frameworks */ = {
			isa = PBXFrameworksBuildPhase;
			buildActionMask = 2147483647;
			files = (
				935EBCFF26BD51390006A7CA /* Presentation.framework in Frameworks */,
			);
			runOnlyForDeploymentPostprocessing = 0;
		};
/* End PBXFrameworksBuildPhase section */

/* Begin PBXGroup section */
		935EBC3926BD4A850006A7CA = {
			isa = PBXGroup;
			children = (
				935EBC5426BD4B700006A7CA /* Domain */,
				935EBC6E26BD4CE20006A7CA /* Data */,
				935EBC7926BD4CE30006A7CA /* DataTests */,
				935EBC9A26BD4ED80006A7CA /* Infra */,
				935EBCA526BD4ED80006A7CA /* InfraTests */,
				935EBCB926BD4F230006A7CA /* Validation */,
				935EBCC426BD4F240006A7CA /* ValidationTests */,
				935EBCF726BD51380006A7CA /* Presentation */,
				935EBD0226BD51390006A7CA /* PresentationTests */,
				935EBC4426BD4A850006A7CA /* Products */,
				935EBCE226BD50500006A7CA /* Frameworks */,
			);
			sourceTree = "<group>";
		};
		935EBC4426BD4A850006A7CA /* Products */ = {
			isa = PBXGroup;
			children = (
				935EBC5326BD4B700006A7CA /* Domain.framework */,
				935EBC6D26BD4CE20006A7CA /* Data.framework */,
				935EBC7526BD4CE30006A7CA /* DataTests.xctest */,
				935EBC9926BD4ED80006A7CA /* Infra.framework */,
				935EBCA126BD4ED80006A7CA /* InfraTests.xctest */,
				935EBCB826BD4F230006A7CA /* Validation.framework */,
				935EBCC026BD4F240006A7CA /* ValidationTests.xctest */,
				935EBCF626BD51380006A7CA /* Presentation.framework */,
				935EBCFE26BD51390006A7CA /* PresentationTests.xctest */,
			);
			name = Products;
			sourceTree = "<group>";
		};
		935EBC5426BD4B700006A7CA /* Domain */ = {
			isa = PBXGroup;
			children = (
				935EBC5D26BD4BA80006A7CA /* UseCases */,
				935EBC5C26BD4BA10006A7CA /* Model */,
				935EBC5B26BD4B950006A7CA /* Errors */,
				935EBC5626BD4B700006A7CA /* Info.plist */,
			);
			path = Domain;
			sourceTree = "<group>";
		};
		935EBC5B26BD4B950006A7CA /* Errors */ = {
			isa = PBXGroup;
			children = (
				935EBC5F26BD4BC30006A7CA /* DomainError.swift */,
			);
			path = Errors;
			sourceTree = "<group>";
		};
		935EBC5C26BD4BA10006A7CA /* Model */ = {
			isa = PBXGroup;
			children = (
				935EBC6126BD4BEE0006A7CA /* Account */,
				935EBC6426BD4C010006A7CA /* Model.swift */,
			);
			path = Model;
			sourceTree = "<group>";
		};
		935EBC5D26BD4BA80006A7CA /* UseCases */ = {
			isa = PBXGroup;
			children = (
				935EBC5E26BD4BB20006A7CA /* Account */,
			);
			path = UseCases;
			sourceTree = "<group>";
		};
		935EBC5E26BD4BB20006A7CA /* Account */ = {
			isa = PBXGroup;
			children = (
				935EBC6626BD4C140006A7CA /* Authentication.swift */,
			);
			path = Account;
			sourceTree = "<group>";
		};
		935EBC6126BD4BEE0006A7CA /* Account */ = {
			isa = PBXGroup;
			children = (
				935EBC6226BD4BF90006A7CA /* AccountModel.swift */,
			);
			path = Account;
			sourceTree = "<group>";
		};
		935EBC6E26BD4CE20006A7CA /* Data */ = {
			isa = PBXGroup;
			children = (
				935EBC8626BD4D390006A7CA /* UseCases */,
				935EBC8426BD4D2A0006A7CA /* Auth */,
				935EBC8526BD4D330006A7CA /* Http */,
				935EBC8726BD4D400006A7CA /* Helpers */,
				935EBC8826BD4D490006A7CA /* Errors */,
				935EBC7026BD4CE20006A7CA /* Info.plist */,
			);
			path = Data;
			sourceTree = "<group>";
		};
		935EBC7926BD4CE30006A7CA /* DataTests */ = {
			isa = PBXGroup;
			children = (
				935EBC7C26BD4CE30006A7CA /* Info.plist */,
			);
			path = DataTests;
			sourceTree = "<group>";
		};
		935EBC8426BD4D2A0006A7CA /* Auth */ = {
			isa = PBXGroup;
			children = (
				935EBC9226BD4DA10006A7CA /* SocialSignIn.swift */,
			);
			path = Auth;
			sourceTree = "<group>";
		};
		935EBC8526BD4D330006A7CA /* Http */ = {
			isa = PBXGroup;
			children = (
				935EBC8D26BD4D800006A7CA /* HttpPostClient.swift */,
			);
			path = Http;
			sourceTree = "<group>";
		};
		935EBC8626BD4D390006A7CA /* UseCases */ = {
			isa = PBXGroup;
			children = (
				935EBC8F26BD4D8B0006A7CA /* Account */,
			);
			path = UseCases;
			sourceTree = "<group>";
		};
		935EBC8726BD4D400006A7CA /* Helpers */ = {
			isa = PBXGroup;
			children = (
				935EBC8B26BD4D770006A7CA /* ExtensionHelpers.swift */,
			);
			path = Helpers;
			sourceTree = "<group>";
		};
		935EBC8826BD4D490006A7CA /* Errors */ = {
			isa = PBXGroup;
			children = (
				935EBC8926BD4D6D0006A7CA /* HttpErrors.swift */,
			);
			path = Errors;
			sourceTree = "<group>";
		};
		935EBC8F26BD4D8B0006A7CA /* Account */ = {
			isa = PBXGroup;
			children = (
				935EBC9026BD4D960006A7CA /* SocialAuthentication.swift */,
			);
			path = Account;
			sourceTree = "<group>";
		};
		935EBC9A26BD4ED80006A7CA /* Infra */ = {
			isa = PBXGroup;
			children = (
				935EBCB226BD4EFF0006A7CA /* Http */,
				935EBCB026BD4EED0006A7CA /* Auth */,
				935EBCB126BD4EF40006A7CA /* Validators */,
				935EBC9C26BD4ED80006A7CA /* Info.plist */,
			);
			path = Infra;
			sourceTree = "<group>";
		};
		935EBCA526BD4ED80006A7CA /* InfraTests */ = {
			isa = PBXGroup;
			children = (
				935EBCA826BD4ED80006A7CA /* Info.plist */,
			);
			path = InfraTests;
			sourceTree = "<group>";
		};
		935EBCB026BD4EED0006A7CA /* Auth */ = {
			isa = PBXGroup;
			children = (
			);
			path = Auth;
			sourceTree = "<group>";
		};
		935EBCB126BD4EF40006A7CA /* Validators */ = {
			isa = PBXGroup;
			children = (
				935EBCE026BD50130006A7CA /* EmailValidatorAdapter.swift */,
			);
			path = Validators;
			sourceTree = "<group>";
		};
		935EBCB226BD4EFF0006A7CA /* Http */ = {
			isa = PBXGroup;
			children = (
				935EBCDE26BD50070006A7CA /* AlamofireAdapter.swift */,
			);
			path = Http;
			sourceTree = "<group>";
		};
		935EBCB926BD4F230006A7CA /* Validation */ = {
			isa = PBXGroup;
			children = (
				935EBCCF26BD4F3A0006A7CA /* Validators */,
				935EBCD026BD4F440006A7CA /* Protocols */,
				935EBCBB26BD4F230006A7CA /* Info.plist */,
			);
			path = Validation;
			sourceTree = "<group>";
		};
		935EBCC426BD4F240006A7CA /* ValidationTests */ = {
			isa = PBXGroup;
			children = (
				935EBCC726BD4F240006A7CA /* Info.plist */,
			);
			path = ValidationTests;
			sourceTree = "<group>";
		};
		935EBCCF26BD4F3A0006A7CA /* Validators */ = {
			isa = PBXGroup;
			children = (
				935EBCD126BD4F650006A7CA /* CompareFieldsValidation.swift */,
				935EBCD426BD4F650006A7CA /* EmailValidation.swift */,
				935EBCD226BD4F650006A7CA /* RequiredFieldValidation.swift */,
				935EBCD326BD4F650006A7CA /* ValidationComposite.swift */,
			);
			path = Validators;
			sourceTree = "<group>";
		};
		935EBCD026BD4F440006A7CA /* Protocols */ = {
			isa = PBXGroup;
			children = (
				935EBCD926BD4F730006A7CA /* EmailValidator.swift */,
			);
			path = Protocols;
			sourceTree = "<group>";
		};
		935EBCE226BD50500006A7CA /* Frameworks */ = {
			isa = PBXGroup;
			children = (
			);
			name = Frameworks;
			sourceTree = "<group>";
		};
		935EBCF726BD51380006A7CA /* Presentation */ = {
			isa = PBXGroup;
			children = (
				935EBD0D26BD51560006A7CA /* Validators */,
				935EBCF926BD51390006A7CA /* Info.plist */,
			);
			path = Presentation;
			sourceTree = "<group>";
		};
		935EBD0226BD51390006A7CA /* PresentationTests */ = {
			isa = PBXGroup;
			children = (
				935EBD0526BD51390006A7CA /* Info.plist */,
			);
			path = PresentationTests;
			sourceTree = "<group>";
		};
		935EBD0D26BD51560006A7CA /* Validators */ = {
			isa = PBXGroup;
			children = (
				935EBD0E26BD516B0006A7CA /* Validation.swift */,
			);
			path = Validators;
			sourceTree = "<group>";
		};
/* End PBXGroup section */

/* Begin PBXHeadersBuildPhase section */
		935EBC4E26BD4B700006A7CA /* Headers */ = {
			isa = PBXHeadersBuildPhase;
			buildActionMask = 2147483647;
			files = (
			);
			runOnlyForDeploymentPostprocessing = 0;
		};
		935EBC6826BD4CE20006A7CA /* Headers */ = {
			isa = PBXHeadersBuildPhase;
			buildActionMask = 2147483647;
			files = (
			);
			runOnlyForDeploymentPostprocessing = 0;
		};
		935EBC9426BD4ED80006A7CA /* Headers */ = {
			isa = PBXHeadersBuildPhase;
			buildActionMask = 2147483647;
			files = (
			);
			runOnlyForDeploymentPostprocessing = 0;
		};
		935EBCB326BD4F230006A7CA /* Headers */ = {
			isa = PBXHeadersBuildPhase;
			buildActionMask = 2147483647;
			files = (
			);
			runOnlyForDeploymentPostprocessing = 0;
		};
		935EBCF126BD51380006A7CA /* Headers */ = {
			isa = PBXHeadersBuildPhase;
			buildActionMask = 2147483647;
			files = (
			);
			runOnlyForDeploymentPostprocessing = 0;
		};
/* End PBXHeadersBuildPhase section */

/* Begin PBXNativeTarget section */
		935EBC5226BD4B700006A7CA /* Domain */ = {
			isa = PBXNativeTarget;
			buildConfigurationList = 935EBC5826BD4B700006A7CA /* Build configuration list for PBXNativeTarget "Domain" */;
			buildPhases = (
				935EBC4E26BD4B700006A7CA /* Headers */,
				935EBC4F26BD4B700006A7CA /* Sources */,
				935EBC5026BD4B700006A7CA /* Frameworks */,
				935EBC5126BD4B700006A7CA /* Resources */,
			);
			buildRules = (
			);
			dependencies = (
			);
			name = Domain;
			productName = Domain;
			productReference = 935EBC5326BD4B700006A7CA /* Domain.framework */;
			productType = "com.apple.product-type.framework";
		};
		935EBC6C26BD4CE20006A7CA /* Data */ = {
			isa = PBXNativeTarget;
			buildConfigurationList = 935EBC7E26BD4CE30006A7CA /* Build configuration list for PBXNativeTarget "Data" */;
			buildPhases = (
				935EBC6826BD4CE20006A7CA /* Headers */,
				935EBC6926BD4CE20006A7CA /* Sources */,
				935EBC6A26BD4CE20006A7CA /* Frameworks */,
				935EBC6B26BD4CE20006A7CA /* Resources */,
				935EBCE726BD50500006A7CA /* Embed Frameworks */,
			);
			buildRules = (
			);
			dependencies = (
				935EBCE626BD50500006A7CA /* PBXTargetDependency */,
			);
			name = Data;
			productName = Data;
			productReference = 935EBC6D26BD4CE20006A7CA /* Data.framework */;
			productType = "com.apple.product-type.framework";
		};
		935EBC7426BD4CE30006A7CA /* DataTests */ = {
			isa = PBXNativeTarget;
			buildConfigurationList = 935EBC8126BD4CE30006A7CA /* Build configuration list for PBXNativeTarget "DataTests" */;
			buildPhases = (
				935EBC7126BD4CE30006A7CA /* Sources */,
				935EBC7226BD4CE30006A7CA /* Frameworks */,
				935EBC7326BD4CE30006A7CA /* Resources */,
			);
			buildRules = (
			);
			dependencies = (
				935EBC7826BD4CE30006A7CA /* PBXTargetDependency */,
			);
			name = DataTests;
			productName = DataTests;
			productReference = 935EBC7526BD4CE30006A7CA /* DataTests.xctest */;
			productType = "com.apple.product-type.bundle.unit-test";
		};
		935EBC9826BD4ED80006A7CA /* Infra */ = {
			isa = PBXNativeTarget;
			buildConfigurationList = 935EBCAA26BD4ED80006A7CA /* Build configuration list for PBXNativeTarget "Infra" */;
			buildPhases = (
				935EBC9426BD4ED80006A7CA /* Headers */,
				935EBC9526BD4ED80006A7CA /* Sources */,
				935EBC9626BD4ED80006A7CA /* Frameworks */,
				935EBC9726BD4ED80006A7CA /* Resources */,
				935EBCEC26BD50710006A7CA /* Embed Frameworks */,
			);
			buildRules = (
			);
			dependencies = (
				935EBCEB26BD50710006A7CA /* PBXTargetDependency */,
				935EBCF026BD51120006A7CA /* PBXTargetDependency */,
			);
			name = Infra;
			packageProductDependencies = (
				935EBCDC26BD4FED0006A7CA /* Alamofire */,
			);
			productName = Infra;
			productReference = 935EBC9926BD4ED80006A7CA /* Infra.framework */;
			productType = "com.apple.product-type.framework";
		};
		935EBCA026BD4ED80006A7CA /* InfraTests */ = {
			isa = PBXNativeTarget;
			buildConfigurationList = 935EBCAD26BD4ED80006A7CA /* Build configuration list for PBXNativeTarget "InfraTests" */;
			buildPhases = (
				935EBC9D26BD4ED80006A7CA /* Sources */,
				935EBC9E26BD4ED80006A7CA /* Frameworks */,
				935EBC9F26BD4ED80006A7CA /* Resources */,
			);
			buildRules = (
			);
			dependencies = (
				935EBCA426BD4ED80006A7CA /* PBXTargetDependency */,
			);
			name = InfraTests;
			productName = InfraTests;
			productReference = 935EBCA126BD4ED80006A7CA /* InfraTests.xctest */;
			productType = "com.apple.product-type.bundle.unit-test";
		};
		935EBCB726BD4F230006A7CA /* Validation */ = {
			isa = PBXNativeTarget;
			buildConfigurationList = 935EBCC926BD4F240006A7CA /* Build configuration list for PBXNativeTarget "Validation" */;
			buildPhases = (
				935EBCB326BD4F230006A7CA /* Headers */,
				935EBCB426BD4F230006A7CA /* Sources */,
				935EBCB526BD4F230006A7CA /* Frameworks */,
				935EBCB626BD4F230006A7CA /* Resources */,
				935EBD1426BD51830006A7CA /* Embed Frameworks */,
			);
			buildRules = (
			);
			dependencies = (
				935EBD1326BD51830006A7CA /* PBXTargetDependency */,
			);
			name = Validation;
			productName = Validation;
			productReference = 935EBCB826BD4F230006A7CA /* Validation.framework */;
			productType = "com.apple.product-type.framework";
		};
		935EBCBF26BD4F240006A7CA /* ValidationTests */ = {
			isa = PBXNativeTarget;
			buildConfigurationList = 935EBCCC26BD4F240006A7CA /* Build configuration list for PBXNativeTarget "ValidationTests" */;
			buildPhases = (
				935EBCBC26BD4F240006A7CA /* Sources */,
				935EBCBD26BD4F240006A7CA /* Frameworks */,
				935EBCBE26BD4F240006A7CA /* Resources */,
			);
			buildRules = (
			);
			dependencies = (
				935EBCC326BD4F240006A7CA /* PBXTargetDependency */,
			);
			name = ValidationTests;
			productName = ValidationTests;
			productReference = 935EBCC026BD4F240006A7CA /* ValidationTests.xctest */;
			productType = "com.apple.product-type.bundle.unit-test";
		};
		935EBCF526BD51380006A7CA /* Presentation */ = {
			isa = PBXNativeTarget;
			buildConfigurationList = 935EBD0726BD51390006A7CA /* Build configuration list for PBXNativeTarget "Presentation" */;
			buildPhases = (
				935EBCF126BD51380006A7CA /* Headers */,
				935EBCF226BD51380006A7CA /* Sources */,
				935EBCF326BD51380006A7CA /* Frameworks */,
				935EBCF426BD51380006A7CA /* Resources */,
			);
			buildRules = (
			);
			dependencies = (
			);
			name = Presentation;
			productName = Presentation;
			productReference = 935EBCF626BD51380006A7CA /* Presentation.framework */;
			productType = "com.apple.product-type.framework";
		};
		935EBCFD26BD51390006A7CA /* PresentationTests */ = {
			isa = PBXNativeTarget;
			buildConfigurationList = 935EBD0A26BD51390006A7CA /* Build configuration list for PBXNativeTarget "PresentationTests" */;
			buildPhases = (
				935EBCFA26BD51390006A7CA /* Sources */,
				935EBCFB26BD51390006A7CA /* Frameworks */,
				935EBCFC26BD51390006A7CA /* Resources */,
			);
			buildRules = (
			);
			dependencies = (
				935EBD0126BD51390006A7CA /* PBXTargetDependency */,
			);
			name = PresentationTests;
			productName = PresentationTests;
			productReference = 935EBCFE26BD51390006A7CA /* PresentationTests.xctest */;
			productType = "com.apple.product-type.bundle.unit-test";
		};
/* End PBXNativeTarget section */

/* Begin PBXProject section */
		935EBC3A26BD4A850006A7CA /* Project object */ = {
			isa = PBXProject;
			attributes = {
				LastSwiftUpdateCheck = 1250;
				LastUpgradeCheck = 1250;
				TargetAttributes = {
					935EBC5226BD4B700006A7CA = {
						CreatedOnToolsVersion = 12.5.1;
						LastSwiftMigration = 1250;
					};
					935EBC6C26BD4CE20006A7CA = {
						CreatedOnToolsVersion = 12.5.1;
						LastSwiftMigration = 1250;
					};
					935EBC7426BD4CE30006A7CA = {
						CreatedOnToolsVersion = 12.5.1;
					};
					935EBC9826BD4ED80006A7CA = {
						CreatedOnToolsVersion = 12.5.1;
						LastSwiftMigration = 1250;
					};
					935EBCA026BD4ED80006A7CA = {
						CreatedOnToolsVersion = 12.5.1;
					};
					935EBCB726BD4F230006A7CA = {
						CreatedOnToolsVersion = 12.5.1;
						LastSwiftMigration = 1250;
					};
					935EBCBF26BD4F240006A7CA = {
						CreatedOnToolsVersion = 12.5.1;
					};
					935EBCF526BD51380006A7CA = {
						CreatedOnToolsVersion = 12.5.1;
						LastSwiftMigration = 1250;
					};
					935EBCFD26BD51390006A7CA = {
						CreatedOnToolsVersion = 12.5.1;
					};
				};
			};
			buildConfigurationList = 935EBC3D26BD4A850006A7CA /* Build configuration list for PBXProject "colportagem-ios" */;
			compatibilityVersion = "Xcode 9.3";
			developmentRegion = en;
			hasScannedForEncodings = 0;
			knownRegions = (
				en,
				Base,
			);
			mainGroup = 935EBC3926BD4A850006A7CA;
			packageReferences = (
				935EBCDB26BD4FED0006A7CA /* XCRemoteSwiftPackageReference "Alamofire" */,
			);
			productRefGroup = 935EBC4426BD4A850006A7CA /* Products */;
			projectDirPath = "";
			projectRoot = "";
			targets = (
				935EBC5226BD4B700006A7CA /* Domain */,
				935EBC6C26BD4CE20006A7CA /* Data */,
				935EBC7426BD4CE30006A7CA /* DataTests */,
				935EBC9826BD4ED80006A7CA /* Infra */,
				935EBCA026BD4ED80006A7CA /* InfraTests */,
				935EBCB726BD4F230006A7CA /* Validation */,
				935EBCBF26BD4F240006A7CA /* ValidationTests */,
				935EBCF526BD51380006A7CA /* Presentation */,
				935EBCFD26BD51390006A7CA /* PresentationTests */,
			);
		};
/* End PBXProject section */

/* Begin PBXResourcesBuildPhase section */
		935EBC5126BD4B700006A7CA /* Resources */ = {
			isa = PBXResourcesBuildPhase;
			buildActionMask = 2147483647;
			files = (
			);
			runOnlyForDeploymentPostprocessing = 0;
		};
		935EBC6B26BD4CE20006A7CA /* Resources */ = {
			isa = PBXResourcesBuildPhase;
			buildActionMask = 2147483647;
			files = (
			);
			runOnlyForDeploymentPostprocessing = 0;
		};
		935EBC7326BD4CE30006A7CA /* Resources */ = {
			isa = PBXResourcesBuildPhase;
			buildActionMask = 2147483647;
			files = (
			);
			runOnlyForDeploymentPostprocessing = 0;
		};
		935EBC9726BD4ED80006A7CA /* Resources */ = {
			isa = PBXResourcesBuildPhase;
			buildActionMask = 2147483647;
			files = (
			);
			runOnlyForDeploymentPostprocessing = 0;
		};
		935EBC9F26BD4ED80006A7CA /* Resources */ = {
			isa = PBXResourcesBuildPhase;
			buildActionMask = 2147483647;
			files = (
			);
			runOnlyForDeploymentPostprocessing = 0;
		};
		935EBCB626BD4F230006A7CA /* Resources */ = {
			isa = PBXResourcesBuildPhase;
			buildActionMask = 2147483647;
			files = (
			);
			runOnlyForDeploymentPostprocessing = 0;
		};
		935EBCBE26BD4F240006A7CA /* Resources */ = {
			isa = PBXResourcesBuildPhase;
			buildActionMask = 2147483647;
			files = (
			);
			runOnlyForDeploymentPostprocessing = 0;
		};
		935EBCF426BD51380006A7CA /* Resources */ = {
			isa = PBXResourcesBuildPhase;
			buildActionMask = 2147483647;
			files = (
			);
			runOnlyForDeploymentPostprocessing = 0;
		};
		935EBCFC26BD51390006A7CA /* Resources */ = {
			isa = PBXResourcesBuildPhase;
			buildActionMask = 2147483647;
			files = (
			);
			runOnlyForDeploymentPostprocessing = 0;
		};
/* End PBXResourcesBuildPhase section */

/* Begin PBXSourcesBuildPhase section */
		935EBC4F26BD4B700006A7CA /* Sources */ = {
			isa = PBXSourcesBuildPhase;
			buildActionMask = 2147483647;
			files = (
				935EBC6526BD4C010006A7CA /* Model.swift in Sources */,
				935EBC6026BD4BC30006A7CA /* DomainError.swift in Sources */,
				935EBC6326BD4BF90006A7CA /* AccountModel.swift in Sources */,
				935EBC6726BD4C140006A7CA /* Authentication.swift in Sources */,
			);
			runOnlyForDeploymentPostprocessing = 0;
		};
		935EBC6926BD4CE20006A7CA /* Sources */ = {
			isa = PBXSourcesBuildPhase;
			buildActionMask = 2147483647;
			files = (
				935EBC9126BD4D960006A7CA /* SocialAuthentication.swift in Sources */,
				935EBC8A26BD4D6D0006A7CA /* HttpErrors.swift in Sources */,
				935EBC8E26BD4D800006A7CA /* HttpPostClient.swift in Sources */,
				935EBC9326BD4DA10006A7CA /* SocialSignIn.swift in Sources */,
				935EBC8C26BD4D770006A7CA /* ExtensionHelpers.swift in Sources */,
			);
			runOnlyForDeploymentPostprocessing = 0;
		};
		935EBC7126BD4CE30006A7CA /* Sources */ = {
			isa = PBXSourcesBuildPhase;
			buildActionMask = 2147483647;
			files = (
			);
			runOnlyForDeploymentPostprocessing = 0;
		};
		935EBC9526BD4ED80006A7CA /* Sources */ = {
			isa = PBXSourcesBuildPhase;
			buildActionMask = 2147483647;
			files = (
				935EBCDF26BD50070006A7CA /* AlamofireAdapter.swift in Sources */,
				935EBCE126BD50130006A7CA /* EmailValidatorAdapter.swift in Sources */,
			);
			runOnlyForDeploymentPostprocessing = 0;
		};
		935EBC9D26BD4ED80006A7CA /* Sources */ = {
			isa = PBXSourcesBuildPhase;
			buildActionMask = 2147483647;
			files = (
			);
			runOnlyForDeploymentPostprocessing = 0;
		};
		935EBCB426BD4F230006A7CA /* Sources */ = {
			isa = PBXSourcesBuildPhase;
			buildActionMask = 2147483647;
			files = (
				935EBCD626BD4F650006A7CA /* RequiredFieldValidation.swift in Sources */,
				935EBCD726BD4F650006A7CA /* ValidationComposite.swift in Sources */,
				935EBCDA26BD4F730006A7CA /* EmailValidator.swift in Sources */,
				935EBCD526BD4F650006A7CA /* CompareFieldsValidation.swift in Sources */,
				935EBCD826BD4F650006A7CA /* EmailValidation.swift in Sources */,
			);
			runOnlyForDeploymentPostprocessing = 0;
		};
		935EBCBC26BD4F240006A7CA /* Sources */ = {
			isa = PBXSourcesBuildPhase;
			buildActionMask = 2147483647;
			files = (
			);
			runOnlyForDeploymentPostprocessing = 0;
		};
		935EBCF226BD51380006A7CA /* Sources */ = {
			isa = PBXSourcesBuildPhase;
			buildActionMask = 2147483647;
			files = (
				935EBD0F26BD516B0006A7CA /* Validation.swift in Sources */,
			);
			runOnlyForDeploymentPostprocessing = 0;
		};
		935EBCFA26BD51390006A7CA /* Sources */ = {
			isa = PBXSourcesBuildPhase;
			buildActionMask = 2147483647;
			files = (
			);
			runOnlyForDeploymentPostprocessing = 0;
		};
/* End PBXSourcesBuildPhase section */

/* Begin PBXTargetDependency section */
		935EBC7826BD4CE30006A7CA /* PBXTargetDependency */ = {
			isa = PBXTargetDependency;
			target = 935EBC6C26BD4CE20006A7CA /* Data */;
			targetProxy = 935EBC7726BD4CE30006A7CA /* PBXContainerItemProxy */;
		};
		935EBCA426BD4ED80006A7CA /* PBXTargetDependency */ = {
			isa = PBXTargetDependency;
			target = 935EBC9826BD4ED80006A7CA /* Infra */;
			targetProxy = 935EBCA326BD4ED80006A7CA /* PBXContainerItemProxy */;
		};
		935EBCC326BD4F240006A7CA /* PBXTargetDependency */ = {
			isa = PBXTargetDependency;
			target = 935EBCB726BD4F230006A7CA /* Validation */;
			targetProxy = 935EBCC226BD4F240006A7CA /* PBXContainerItemProxy */;
		};
		935EBCE626BD50500006A7CA /* PBXTargetDependency */ = {
			isa = PBXTargetDependency;
			target = 935EBC5226BD4B700006A7CA /* Domain */;
			targetProxy = 935EBCE526BD50500006A7CA /* PBXContainerItemProxy */;
		};
		935EBCEB26BD50710006A7CA /* PBXTargetDependency */ = {
			isa = PBXTargetDependency;
			target = 935EBC6C26BD4CE20006A7CA /* Data */;
			targetProxy = 935EBCEA26BD50710006A7CA /* PBXContainerItemProxy */;
		};
		935EBCF026BD51120006A7CA /* PBXTargetDependency */ = {
			isa = PBXTargetDependency;
			target = 935EBCB726BD4F230006A7CA /* Validation */;
			targetProxy = 935EBCEF26BD51120006A7CA /* PBXContainerItemProxy */;
		};
		935EBD0126BD51390006A7CA /* PBXTargetDependency */ = {
			isa = PBXTargetDependency;
			target = 935EBCF526BD51380006A7CA /* Presentation */;
			targetProxy = 935EBD0026BD51390006A7CA /* PBXContainerItemProxy */;
		};
		935EBD1326BD51830006A7CA /* PBXTargetDependency */ = {
			isa = PBXTargetDependency;
			target = 935EBCF526BD51380006A7CA /* Presentation */;
			targetProxy = 935EBD1226BD51830006A7CA /* PBXContainerItemProxy */;
		};
/* End PBXTargetDependency section */

/* Begin XCBuildConfiguration section */
		935EBC4926BD4A850006A7CA /* Debug */ = {
			isa = XCBuildConfiguration;
			buildSettings = {
				ALWAYS_SEARCH_USER_PATHS = NO;
				CLANG_ANALYZER_NONNULL = YES;
				CLANG_ANALYZER_NUMBER_OBJECT_CONVERSION = YES_AGGRESSIVE;
				CLANG_CXX_LANGUAGE_STANDARD = "gnu++14";
				CLANG_CXX_LIBRARY = "libc++";
				CLANG_ENABLE_MODULES = YES;
				CLANG_ENABLE_OBJC_ARC = YES;
				CLANG_ENABLE_OBJC_WEAK = YES;
				CLANG_WARN_BLOCK_CAPTURE_AUTORELEASING = YES;
				CLANG_WARN_BOOL_CONVERSION = YES;
				CLANG_WARN_COMMA = YES;
				CLANG_WARN_CONSTANT_CONVERSION = YES;
				CLANG_WARN_DEPRECATED_OBJC_IMPLEMENTATIONS = YES;
				CLANG_WARN_DIRECT_OBJC_ISA_USAGE = YES_ERROR;
				CLANG_WARN_DOCUMENTATION_COMMENTS = YES;
				CLANG_WARN_EMPTY_BODY = YES;
				CLANG_WARN_ENUM_CONVERSION = YES;
				CLANG_WARN_INFINITE_RECURSION = YES;
				CLANG_WARN_INT_CONVERSION = YES;
				CLANG_WARN_NON_LITERAL_NULL_CONVERSION = YES;
				CLANG_WARN_OBJC_IMPLICIT_RETAIN_SELF = YES;
				CLANG_WARN_OBJC_LITERAL_CONVERSION = YES;
				CLANG_WARN_OBJC_ROOT_CLASS = YES_ERROR;
				CLANG_WARN_QUOTED_INCLUDE_IN_FRAMEWORK_HEADER = YES;
				CLANG_WARN_RANGE_LOOP_ANALYSIS = YES;
				CLANG_WARN_STRICT_PROTOTYPES = YES;
				CLANG_WARN_SUSPICIOUS_MOVE = YES;
				CLANG_WARN_UNGUARDED_AVAILABILITY = YES_AGGRESSIVE;
				CLANG_WARN_UNREACHABLE_CODE = YES;
				CLANG_WARN__DUPLICATE_METHOD_MATCH = YES;
				COPY_PHASE_STRIP = NO;
				CURRENT_PROJECT_VERSION = 1;
				DEBUG_INFORMATION_FORMAT = dwarf;
				ENABLE_STRICT_OBJC_MSGSEND = YES;
				ENABLE_TESTABILITY = YES;
				GCC_C_LANGUAGE_STANDARD = gnu11;
				GCC_DYNAMIC_NO_PIC = NO;
				GCC_NO_COMMON_BLOCKS = YES;
				GCC_OPTIMIZATION_LEVEL = 0;
				GCC_PREPROCESSOR_DEFINITIONS = (
					"DEBUG=1",
					"$(inherited)",
				);
				GCC_WARN_64_TO_32_BIT_CONVERSION = YES;
				GCC_WARN_ABOUT_RETURN_TYPE = YES_ERROR;
				GCC_WARN_UNDECLARED_SELECTOR = YES;
				GCC_WARN_UNINITIALIZED_AUTOS = YES_AGGRESSIVE;
				GCC_WARN_UNUSED_FUNCTION = YES;
				GCC_WARN_UNUSED_VARIABLE = YES;
				MACOSX_DEPLOYMENT_TARGET = 11.3;
				MTL_ENABLE_DEBUG_INFO = INCLUDE_SOURCE;
				MTL_FAST_MATH = YES;
				ONLY_ACTIVE_ARCH = YES;
				SDKROOT = macosx;
				SWIFT_ACTIVE_COMPILATION_CONDITIONS = DEBUG;
				SWIFT_OPTIMIZATION_LEVEL = "-Onone";
				VERSIONING_SYSTEM = "apple-generic";
				VERSION_INFO_PREFIX = "";
			};
			name = Debug;
		};
		935EBC4A26BD4A850006A7CA /* Release */ = {
			isa = XCBuildConfiguration;
			buildSettings = {
				ALWAYS_SEARCH_USER_PATHS = NO;
				CLANG_ANALYZER_NONNULL = YES;
				CLANG_ANALYZER_NUMBER_OBJECT_CONVERSION = YES_AGGRESSIVE;
				CLANG_CXX_LANGUAGE_STANDARD = "gnu++14";
				CLANG_CXX_LIBRARY = "libc++";
				CLANG_ENABLE_MODULES = YES;
				CLANG_ENABLE_OBJC_ARC = YES;
				CLANG_ENABLE_OBJC_WEAK = YES;
				CLANG_WARN_BLOCK_CAPTURE_AUTORELEASING = YES;
				CLANG_WARN_BOOL_CONVERSION = YES;
				CLANG_WARN_COMMA = YES;
				CLANG_WARN_CONSTANT_CONVERSION = YES;
				CLANG_WARN_DEPRECATED_OBJC_IMPLEMENTATIONS = YES;
				CLANG_WARN_DIRECT_OBJC_ISA_USAGE = YES_ERROR;
				CLANG_WARN_DOCUMENTATION_COMMENTS = YES;
				CLANG_WARN_EMPTY_BODY = YES;
				CLANG_WARN_ENUM_CONVERSION = YES;
				CLANG_WARN_INFINITE_RECURSION = YES;
				CLANG_WARN_INT_CONVERSION = YES;
				CLANG_WARN_NON_LITERAL_NULL_CONVERSION = YES;
				CLANG_WARN_OBJC_IMPLICIT_RETAIN_SELF = YES;
				CLANG_WARN_OBJC_LITERAL_CONVERSION = YES;
				CLANG_WARN_OBJC_ROOT_CLASS = YES_ERROR;
				CLANG_WARN_QUOTED_INCLUDE_IN_FRAMEWORK_HEADER = YES;
				CLANG_WARN_RANGE_LOOP_ANALYSIS = YES;
				CLANG_WARN_STRICT_PROTOTYPES = YES;
				CLANG_WARN_SUSPICIOUS_MOVE = YES;
				CLANG_WARN_UNGUARDED_AVAILABILITY = YES_AGGRESSIVE;
				CLANG_WARN_UNREACHABLE_CODE = YES;
				CLANG_WARN__DUPLICATE_METHOD_MATCH = YES;
				COPY_PHASE_STRIP = NO;
				CURRENT_PROJECT_VERSION = 1;
				DEBUG_INFORMATION_FORMAT = "dwarf-with-dsym";
				ENABLE_NS_ASSERTIONS = NO;
				ENABLE_STRICT_OBJC_MSGSEND = YES;
				GCC_C_LANGUAGE_STANDARD = gnu11;
				GCC_NO_COMMON_BLOCKS = YES;
				GCC_WARN_64_TO_32_BIT_CONVERSION = YES;
				GCC_WARN_ABOUT_RETURN_TYPE = YES_ERROR;
				GCC_WARN_UNDECLARED_SELECTOR = YES;
				GCC_WARN_UNINITIALIZED_AUTOS = YES_AGGRESSIVE;
				GCC_WARN_UNUSED_FUNCTION = YES;
				GCC_WARN_UNUSED_VARIABLE = YES;
				MACOSX_DEPLOYMENT_TARGET = 11.3;
				MTL_ENABLE_DEBUG_INFO = NO;
				MTL_FAST_MATH = YES;
				SDKROOT = macosx;
				SWIFT_COMPILATION_MODE = wholemodule;
				SWIFT_OPTIMIZATION_LEVEL = "-O";
				VERSIONING_SYSTEM = "apple-generic";
				VERSION_INFO_PREFIX = "";
			};
			name = Release;
		};
		935EBC5926BD4B700006A7CA /* Debug */ = {
			isa = XCBuildConfiguration;
			buildSettings = {
				CLANG_ENABLE_MODULES = YES;
				CODE_SIGN_STYLE = Automatic;
				COMBINE_HIDPI_IMAGES = YES;
				DEFINES_MODULE = YES;
				DEVELOPMENT_TEAM = TV9269UQRR;
				DYLIB_COMPATIBILITY_VERSION = 1;
				DYLIB_CURRENT_VERSION = 1;
				DYLIB_INSTALL_NAME_BASE = "@rpath";
				INFOPLIST_FILE = Domain/Info.plist;
				INSTALL_PATH = "$(LOCAL_LIBRARY_DIR)/Frameworks";
				LD_RUNPATH_SEARCH_PATHS = (
					"$(inherited)",
					"@executable_path/../Frameworks",
					"@loader_path/Frameworks",
				);
				PRODUCT_BUNDLE_IDENTIFIER = "colportagem-sistemas.usb.org.br.Domain";
				PRODUCT_NAME = "$(TARGET_NAME:c99extidentifier)";
				SKIP_INSTALL = YES;
				SWIFT_OPTIMIZATION_LEVEL = "-Onone";
				SWIFT_VERSION = 5.0;
			};
			name = Debug;
		};
		935EBC5A26BD4B700006A7CA /* Release */ = {
			isa = XCBuildConfiguration;
			buildSettings = {
				CLANG_ENABLE_MODULES = YES;
				CODE_SIGN_STYLE = Automatic;
				COMBINE_HIDPI_IMAGES = YES;
				DEFINES_MODULE = YES;
				DEVELOPMENT_TEAM = TV9269UQRR;
				DYLIB_COMPATIBILITY_VERSION = 1;
				DYLIB_CURRENT_VERSION = 1;
				DYLIB_INSTALL_NAME_BASE = "@rpath";
				INFOPLIST_FILE = Domain/Info.plist;
				INSTALL_PATH = "$(LOCAL_LIBRARY_DIR)/Frameworks";
				LD_RUNPATH_SEARCH_PATHS = (
					"$(inherited)",
					"@executable_path/../Frameworks",
					"@loader_path/Frameworks",
				);
				PRODUCT_BUNDLE_IDENTIFIER = "colportagem-sistemas.usb.org.br.Domain";
				PRODUCT_NAME = "$(TARGET_NAME:c99extidentifier)";
				SKIP_INSTALL = YES;
				SWIFT_VERSION = 5.0;
			};
			name = Release;
		};
		935EBC7F26BD4CE30006A7CA /* Debug */ = {
			isa = XCBuildConfiguration;
			buildSettings = {
				CLANG_ENABLE_MODULES = YES;
				CODE_SIGN_STYLE = Automatic;
				COMBINE_HIDPI_IMAGES = YES;
				DEFINES_MODULE = YES;
				DEVELOPMENT_TEAM = TV9269UQRR;
				DYLIB_COMPATIBILITY_VERSION = 1;
				DYLIB_CURRENT_VERSION = 1;
				DYLIB_INSTALL_NAME_BASE = "@rpath";
				INFOPLIST_FILE = Data/Info.plist;
				INSTALL_PATH = "$(LOCAL_LIBRARY_DIR)/Frameworks";
				LD_RUNPATH_SEARCH_PATHS = (
					"$(inherited)",
					"@executable_path/../Frameworks",
					"@loader_path/Frameworks",
				);
				PRODUCT_BUNDLE_IDENTIFIER = "colportagem-sistemas.usb.org.br.Data";
				PRODUCT_NAME = "$(TARGET_NAME:c99extidentifier)";
				SKIP_INSTALL = YES;
				SWIFT_OPTIMIZATION_LEVEL = "-Onone";
				SWIFT_VERSION = 5.0;
			};
			name = Debug;
		};
		935EBC8026BD4CE30006A7CA /* Release */ = {
			isa = XCBuildConfiguration;
			buildSettings = {
				CLANG_ENABLE_MODULES = YES;
				CODE_SIGN_STYLE = Automatic;
				COMBINE_HIDPI_IMAGES = YES;
				DEFINES_MODULE = YES;
				DEVELOPMENT_TEAM = TV9269UQRR;
				DYLIB_COMPATIBILITY_VERSION = 1;
				DYLIB_CURRENT_VERSION = 1;
				DYLIB_INSTALL_NAME_BASE = "@rpath";
				INFOPLIST_FILE = Data/Info.plist;
				INSTALL_PATH = "$(LOCAL_LIBRARY_DIR)/Frameworks";
				LD_RUNPATH_SEARCH_PATHS = (
					"$(inherited)",
					"@executable_path/../Frameworks",
					"@loader_path/Frameworks",
				);
				PRODUCT_BUNDLE_IDENTIFIER = "colportagem-sistemas.usb.org.br.Data";
				PRODUCT_NAME = "$(TARGET_NAME:c99extidentifier)";
				SKIP_INSTALL = YES;
				SWIFT_VERSION = 5.0;
			};
			name = Release;
		};
		935EBC8226BD4CE30006A7CA /* Debug */ = {
			isa = XCBuildConfiguration;
			buildSettings = {
				ALWAYS_EMBED_SWIFT_STANDARD_LIBRARIES = YES;
				CODE_SIGN_STYLE = Automatic;
				COMBINE_HIDPI_IMAGES = YES;
				DEVELOPMENT_TEAM = TV9269UQRR;
				INFOPLIST_FILE = DataTests/Info.plist;
				LD_RUNPATH_SEARCH_PATHS = (
					"$(inherited)",
					"@executable_path/../Frameworks",
					"@loader_path/../Frameworks",
				);
				PRODUCT_BUNDLE_IDENTIFIER = "colportagem-sistemas.usb.org.br.DataTests";
				PRODUCT_NAME = "$(TARGET_NAME)";
				SWIFT_VERSION = 5.0;
			};
			name = Debug;
		};
		935EBC8326BD4CE30006A7CA /* Release */ = {
			isa = XCBuildConfiguration;
			buildSettings = {
				ALWAYS_EMBED_SWIFT_STANDARD_LIBRARIES = YES;
				CODE_SIGN_STYLE = Automatic;
				COMBINE_HIDPI_IMAGES = YES;
				DEVELOPMENT_TEAM = TV9269UQRR;
				INFOPLIST_FILE = DataTests/Info.plist;
				LD_RUNPATH_SEARCH_PATHS = (
					"$(inherited)",
					"@executable_path/../Frameworks",
					"@loader_path/../Frameworks",
				);
				PRODUCT_BUNDLE_IDENTIFIER = "colportagem-sistemas.usb.org.br.DataTests";
				PRODUCT_NAME = "$(TARGET_NAME)";
				SWIFT_VERSION = 5.0;
			};
			name = Release;
		};
		935EBCAB26BD4ED80006A7CA /* Debug */ = {
			isa = XCBuildConfiguration;
			buildSettings = {
				CLANG_ENABLE_MODULES = YES;
				CODE_SIGN_STYLE = Automatic;
				COMBINE_HIDPI_IMAGES = YES;
				DEFINES_MODULE = YES;
				DEVELOPMENT_TEAM = TV9269UQRR;
				DYLIB_COMPATIBILITY_VERSION = 1;
				DYLIB_CURRENT_VERSION = 1;
				DYLIB_INSTALL_NAME_BASE = "@rpath";
				INFOPLIST_FILE = Infra/Info.plist;
				INSTALL_PATH = "$(LOCAL_LIBRARY_DIR)/Frameworks";
				LD_RUNPATH_SEARCH_PATHS = (
					"$(inherited)",
					"@executable_path/../Frameworks",
					"@loader_path/Frameworks",
				);
				PRODUCT_BUNDLE_IDENTIFIER = "colportagem-sistemas.usb.org.br.Infra";
				PRODUCT_NAME = "$(TARGET_NAME:c99extidentifier)";
				SKIP_INSTALL = YES;
				SWIFT_OPTIMIZATION_LEVEL = "-Onone";
				SWIFT_VERSION = 5.0;
			};
			name = Debug;
		};
		935EBCAC26BD4ED80006A7CA /* Release */ = {
			isa = XCBuildConfiguration;
			buildSettings = {
				CLANG_ENABLE_MODULES = YES;
				CODE_SIGN_STYLE = Automatic;
				COMBINE_HIDPI_IMAGES = YES;
				DEFINES_MODULE = YES;
				DEVELOPMENT_TEAM = TV9269UQRR;
				DYLIB_COMPATIBILITY_VERSION = 1;
				DYLIB_CURRENT_VERSION = 1;
				DYLIB_INSTALL_NAME_BASE = "@rpath";
				INFOPLIST_FILE = Infra/Info.plist;
				INSTALL_PATH = "$(LOCAL_LIBRARY_DIR)/Frameworks";
				LD_RUNPATH_SEARCH_PATHS = (
					"$(inherited)",
					"@executable_path/../Frameworks",
					"@loader_path/Frameworks",
				);
				PRODUCT_BUNDLE_IDENTIFIER = "colportagem-sistemas.usb.org.br.Infra";
				PRODUCT_NAME = "$(TARGET_NAME:c99extidentifier)";
				SKIP_INSTALL = YES;
				SWIFT_VERSION = 5.0;
			};
			name = Release;
		};
		935EBCAE26BD4ED80006A7CA /* Debug */ = {
			isa = XCBuildConfiguration;
			buildSettings = {
				ALWAYS_EMBED_SWIFT_STANDARD_LIBRARIES = YES;
				CODE_SIGN_STYLE = Automatic;
				COMBINE_HIDPI_IMAGES = YES;
				DEVELOPMENT_TEAM = TV9269UQRR;
				INFOPLIST_FILE = InfraTests/Info.plist;
				LD_RUNPATH_SEARCH_PATHS = (
					"$(inherited)",
					"@executable_path/../Frameworks",
					"@loader_path/../Frameworks",
				);
				PRODUCT_BUNDLE_IDENTIFIER = "colportagem-sistemas.usb.org.br.InfraTests";
				PRODUCT_NAME = "$(TARGET_NAME)";
				SWIFT_VERSION = 5.0;
			};
			name = Debug;
		};
		935EBCAF26BD4ED80006A7CA /* Release */ = {
			isa = XCBuildConfiguration;
			buildSettings = {
				ALWAYS_EMBED_SWIFT_STANDARD_LIBRARIES = YES;
				CODE_SIGN_STYLE = Automatic;
				COMBINE_HIDPI_IMAGES = YES;
				DEVELOPMENT_TEAM = TV9269UQRR;
				INFOPLIST_FILE = InfraTests/Info.plist;
				LD_RUNPATH_SEARCH_PATHS = (
					"$(inherited)",
					"@executable_path/../Frameworks",
					"@loader_path/../Frameworks",
				);
				PRODUCT_BUNDLE_IDENTIFIER = "colportagem-sistemas.usb.org.br.InfraTests";
				PRODUCT_NAME = "$(TARGET_NAME)";
				SWIFT_VERSION = 5.0;
			};
			name = Release;
		};
		935EBCCA26BD4F240006A7CA /* Debug */ = {
			isa = XCBuildConfiguration;
			buildSettings = {
				CLANG_ENABLE_MODULES = YES;
				CODE_SIGN_STYLE = Automatic;
				COMBINE_HIDPI_IMAGES = YES;
				DEFINES_MODULE = YES;
				DEVELOPMENT_TEAM = TV9269UQRR;
				DYLIB_COMPATIBILITY_VERSION = 1;
				DYLIB_CURRENT_VERSION = 1;
				DYLIB_INSTALL_NAME_BASE = "@rpath";
				INFOPLIST_FILE = Validation/Info.plist;
				INSTALL_PATH = "$(LOCAL_LIBRARY_DIR)/Frameworks";
				LD_RUNPATH_SEARCH_PATHS = (
					"$(inherited)",
					"@executable_path/../Frameworks",
					"@loader_path/Frameworks",
				);
				PRODUCT_BUNDLE_IDENTIFIER = "colportagem-sistemas.usb.org.br.Validation";
				PRODUCT_NAME = "$(TARGET_NAME:c99extidentifier)";
				SKIP_INSTALL = YES;
				SWIFT_OPTIMIZATION_LEVEL = "-Onone";
				SWIFT_VERSION = 5.0;
			};
			name = Debug;
		};
		935EBCCB26BD4F240006A7CA /* Release */ = {
			isa = XCBuildConfiguration;
			buildSettings = {
				CLANG_ENABLE_MODULES = YES;
				CODE_SIGN_STYLE = Automatic;
				COMBINE_HIDPI_IMAGES = YES;
				DEFINES_MODULE = YES;
				DEVELOPMENT_TEAM = TV9269UQRR;
				DYLIB_COMPATIBILITY_VERSION = 1;
				DYLIB_CURRENT_VERSION = 1;
				DYLIB_INSTALL_NAME_BASE = "@rpath";
				INFOPLIST_FILE = Validation/Info.plist;
				INSTALL_PATH = "$(LOCAL_LIBRARY_DIR)/Frameworks";
				LD_RUNPATH_SEARCH_PATHS = (
					"$(inherited)",
					"@executable_path/../Frameworks",
					"@loader_path/Frameworks",
				);
				PRODUCT_BUNDLE_IDENTIFIER = "colportagem-sistemas.usb.org.br.Validation";
				PRODUCT_NAME = "$(TARGET_NAME:c99extidentifier)";
				SKIP_INSTALL = YES;
				SWIFT_VERSION = 5.0;
			};
			name = Release;
		};
		935EBCCD26BD4F240006A7CA /* Debug */ = {
			isa = XCBuildConfiguration;
			buildSettings = {
				ALWAYS_EMBED_SWIFT_STANDARD_LIBRARIES = YES;
				CODE_SIGN_STYLE = Automatic;
				COMBINE_HIDPI_IMAGES = YES;
				DEVELOPMENT_TEAM = TV9269UQRR;
				INFOPLIST_FILE = ValidationTests/Info.plist;
				LD_RUNPATH_SEARCH_PATHS = (
					"$(inherited)",
					"@executable_path/../Frameworks",
					"@loader_path/../Frameworks",
				);
				PRODUCT_BUNDLE_IDENTIFIER = "colportagem-sistemas.usb.org.br.ValidationTests";
				PRODUCT_NAME = "$(TARGET_NAME)";
				SWIFT_VERSION = 5.0;
			};
			name = Debug;
		};
		935EBCCE26BD4F240006A7CA /* Release */ = {
			isa = XCBuildConfiguration;
			buildSettings = {
				ALWAYS_EMBED_SWIFT_STANDARD_LIBRARIES = YES;
				CODE_SIGN_STYLE = Automatic;
				COMBINE_HIDPI_IMAGES = YES;
				DEVELOPMENT_TEAM = TV9269UQRR;
				INFOPLIST_FILE = ValidationTests/Info.plist;
				LD_RUNPATH_SEARCH_PATHS = (
					"$(inherited)",
					"@executable_path/../Frameworks",
					"@loader_path/../Frameworks",
				);
				PRODUCT_BUNDLE_IDENTIFIER = "colportagem-sistemas.usb.org.br.ValidationTests";
				PRODUCT_NAME = "$(TARGET_NAME)";
				SWIFT_VERSION = 5.0;
			};
			name = Release;
		};
		935EBD0826BD51390006A7CA /* Debug */ = {
			isa = XCBuildConfiguration;
			buildSettings = {
				CLANG_ENABLE_MODULES = YES;
				CODE_SIGN_STYLE = Automatic;
				COMBINE_HIDPI_IMAGES = YES;
				DEFINES_MODULE = YES;
				DEVELOPMENT_TEAM = TV9269UQRR;
				DYLIB_COMPATIBILITY_VERSION = 1;
				DYLIB_CURRENT_VERSION = 1;
				DYLIB_INSTALL_NAME_BASE = "@rpath";
				INFOPLIST_FILE = Presentation/Info.plist;
				INSTALL_PATH = "$(LOCAL_LIBRARY_DIR)/Frameworks";
				LD_RUNPATH_SEARCH_PATHS = (
					"$(inherited)",
					"@executable_path/../Frameworks",
					"@loader_path/Frameworks",
				);
				PRODUCT_BUNDLE_IDENTIFIER = "colportagem-sistemas.usb.org.br.Presentation";
				PRODUCT_NAME = "$(TARGET_NAME:c99extidentifier)";
				SKIP_INSTALL = YES;
				SWIFT_OPTIMIZATION_LEVEL = "-Onone";
				SWIFT_VERSION = 5.0;
			};
			name = Debug;
		};
		935EBD0926BD51390006A7CA /* Release */ = {
			isa = XCBuildConfiguration;
			buildSettings = {
				CLANG_ENABLE_MODULES = YES;
				CODE_SIGN_STYLE = Automatic;
				COMBINE_HIDPI_IMAGES = YES;
				DEFINES_MODULE = YES;
				DEVELOPMENT_TEAM = TV9269UQRR;
				DYLIB_COMPATIBILITY_VERSION = 1;
				DYLIB_CURRENT_VERSION = 1;
				DYLIB_INSTALL_NAME_BASE = "@rpath";
				INFOPLIST_FILE = Presentation/Info.plist;
				INSTALL_PATH = "$(LOCAL_LIBRARY_DIR)/Frameworks";
				LD_RUNPATH_SEARCH_PATHS = (
					"$(inherited)",
					"@executable_path/../Frameworks",
					"@loader_path/Frameworks",
				);
				PRODUCT_BUNDLE_IDENTIFIER = "colportagem-sistemas.usb.org.br.Presentation";
				PRODUCT_NAME = "$(TARGET_NAME:c99extidentifier)";
				SKIP_INSTALL = YES;
				SWIFT_VERSION = 5.0;
			};
			name = Release;
		};
		935EBD0B26BD51390006A7CA /* Debug */ = {
			isa = XCBuildConfiguration;
			buildSettings = {
				ALWAYS_EMBED_SWIFT_STANDARD_LIBRARIES = YES;
				CODE_SIGN_STYLE = Automatic;
				COMBINE_HIDPI_IMAGES = YES;
				DEVELOPMENT_TEAM = TV9269UQRR;
				INFOPLIST_FILE = PresentationTests/Info.plist;
				LD_RUNPATH_SEARCH_PATHS = (
					"$(inherited)",
					"@executable_path/../Frameworks",
					"@loader_path/../Frameworks",
				);
				PRODUCT_BUNDLE_IDENTIFIER = "colportagem-sistemas.usb.org.br.PresentationTests";
				PRODUCT_NAME = "$(TARGET_NAME)";
				SWIFT_VERSION = 5.0;
			};
			name = Debug;
		};
		935EBD0C26BD51390006A7CA /* Release */ = {
			isa = XCBuildConfiguration;
			buildSettings = {
				ALWAYS_EMBED_SWIFT_STANDARD_LIBRARIES = YES;
				CODE_SIGN_STYLE = Automatic;
				COMBINE_HIDPI_IMAGES = YES;
				DEVELOPMENT_TEAM = TV9269UQRR;
				INFOPLIST_FILE = PresentationTests/Info.plist;
				LD_RUNPATH_SEARCH_PATHS = (
					"$(inherited)",
					"@executable_path/../Frameworks",
					"@loader_path/../Frameworks",
				);
				PRODUCT_BUNDLE_IDENTIFIER = "colportagem-sistemas.usb.org.br.PresentationTests";
				PRODUCT_NAME = "$(TARGET_NAME)";
				SWIFT_VERSION = 5.0;
			};
			name = Release;
		};
/* End XCBuildConfiguration section */

/* Begin XCConfigurationList section */
		935EBC3D26BD4A850006A7CA /* Build configuration list for PBXProject "colportagem-ios" */ = {
			isa = XCConfigurationList;
			buildConfigurations = (
				935EBC4926BD4A850006A7CA /* Debug */,
				935EBC4A26BD4A850006A7CA /* Release */,
			);
			defaultConfigurationIsVisible = 0;
			defaultConfigurationName = Release;
		};
		935EBC5826BD4B700006A7CA /* Build configuration list for PBXNativeTarget "Domain" */ = {
			isa = XCConfigurationList;
			buildConfigurations = (
				935EBC5926BD4B700006A7CA /* Debug */,
				935EBC5A26BD4B700006A7CA /* Release */,
			);
			defaultConfigurationIsVisible = 0;
			defaultConfigurationName = Release;
		};
		935EBC7E26BD4CE30006A7CA /* Build configuration list for PBXNativeTarget "Data" */ = {
			isa = XCConfigurationList;
			buildConfigurations = (
				935EBC7F26BD4CE30006A7CA /* Debug */,
				935EBC8026BD4CE30006A7CA /* Release */,
			);
			defaultConfigurationIsVisible = 0;
			defaultConfigurationName = Release;
		};
		935EBC8126BD4CE30006A7CA /* Build configuration list for PBXNativeTarget "DataTests" */ = {
			isa = XCConfigurationList;
			buildConfigurations = (
				935EBC8226BD4CE30006A7CA /* Debug */,
				935EBC8326BD4CE30006A7CA /* Release */,
			);
			defaultConfigurationIsVisible = 0;
			defaultConfigurationName = Release;
		};
		935EBCAA26BD4ED80006A7CA /* Build configuration list for PBXNativeTarget "Infra" */ = {
			isa = XCConfigurationList;
			buildConfigurations = (
				935EBCAB26BD4ED80006A7CA /* Debug */,
				935EBCAC26BD4ED80006A7CA /* Release */,
			);
			defaultConfigurationIsVisible = 0;
			defaultConfigurationName = Release;
		};
		935EBCAD26BD4ED80006A7CA /* Build configuration list for PBXNativeTarget "InfraTests" */ = {
			isa = XCConfigurationList;
			buildConfigurations = (
				935EBCAE26BD4ED80006A7CA /* Debug */,
				935EBCAF26BD4ED80006A7CA /* Release */,
			);
			defaultConfigurationIsVisible = 0;
			defaultConfigurationName = Release;
		};
		935EBCC926BD4F240006A7CA /* Build configuration list for PBXNativeTarget "Validation" */ = {
			isa = XCConfigurationList;
			buildConfigurations = (
				935EBCCA26BD4F240006A7CA /* Debug */,
				935EBCCB26BD4F240006A7CA /* Release */,
			);
			defaultConfigurationIsVisible = 0;
			defaultConfigurationName = Release;
		};
		935EBCCC26BD4F240006A7CA /* Build configuration list for PBXNativeTarget "ValidationTests" */ = {
			isa = XCConfigurationList;
			buildConfigurations = (
				935EBCCD26BD4F240006A7CA /* Debug */,
				935EBCCE26BD4F240006A7CA /* Release */,
			);
			defaultConfigurationIsVisible = 0;
			defaultConfigurationName = Release;
		};
		935EBD0726BD51390006A7CA /* Build configuration list for PBXNativeTarget "Presentation" */ = {
			isa = XCConfigurationList;
			buildConfigurations = (
				935EBD0826BD51390006A7CA /* Debug */,
				935EBD0926BD51390006A7CA /* Release */,
			);
			defaultConfigurationIsVisible = 0;
			defaultConfigurationName = Release;
		};
		935EBD0A26BD51390006A7CA /* Build configuration list for PBXNativeTarget "PresentationTests" */ = {
			isa = XCConfigurationList;
			buildConfigurations = (
				935EBD0B26BD51390006A7CA /* Debug */,
				935EBD0C26BD51390006A7CA /* Release */,
			);
			defaultConfigurationIsVisible = 0;
			defaultConfigurationName = Release;
		};
/* End XCConfigurationList section */

/* Begin XCRemoteSwiftPackageReference section */
		935EBCDB26BD4FED0006A7CA /* XCRemoteSwiftPackageReference "Alamofire" */ = {
			isa = XCRemoteSwiftPackageReference;
			repositoryURL = "https://github.com/Alamofire/Alamofire.git";
			requirement = {
				kind = upToNextMajorVersion;
				minimumVersion = 4.9.1;
			};
		};
/* End XCRemoteSwiftPackageReference section */

/* Begin XCSwiftPackageProductDependency section */
		935EBCDC26BD4FED0006A7CA /* Alamofire */ = {
			isa = XCSwiftPackageProductDependency;
			package = 935EBCDB26BD4FED0006A7CA /* XCRemoteSwiftPackageReference "Alamofire" */;
			productName = Alamofire;
		};
/* End XCSwiftPackageProductDependency section */
	};
	rootObject = 935EBC3A26BD4A850006A7CA /* Project object */;
}
